
Microsoft Visual Studio Solution File, Format Version 12.00
# Visual Studio Version 16
VisualStudioVersion = 16.0.28714.193
MinimumVisualStudioVersion = 10.0.40219.1
Project("{2150E333-8FDC-42A3-9474-1A3956D46DE8}") = "Plugins", "Plugins", "{C5549F81-8427-49EE-B6E9-6B72DE6DC978}"
EndProject
Project("{9A19103F-16F7-4668-BE54-9A1E7A4F7556}") = "BuildNotifications.PluginInterfaces", "Plugins\BuildNotifications.PluginInterfaces\BuildNotifications.PluginInterfaces.csproj", "{288FAFAA-2D90-48B1-A0A9-1F4EC020CB25}"
EndProject
Project("{2150E333-8FDC-42A3-9474-1A3956D46DE8}") = "Tests", "Tests", "{2DBE0D14-3EE9-40D8-B772-8B6C522275F5}"
EndProject
Project("{9A19103F-16F7-4668-BE54-9A1E7A4F7556}") = "BuildNotifications.Tests", "BuildNotifications.Tests\BuildNotifications.Tests.csproj", "{159DA6C4-A2E7-4879-B013-583EB5C5A518}"
EndProject
Project("{9A19103F-16F7-4668-BE54-9A1E7A4F7556}") = "BuildNotifications.Core.Tests", "BuildNotifications.Core.Tests\BuildNotifications.Core.Tests.csproj", "{A6A0CAED-0C8C-43C6-A7D5-99EA9B6B6283}"
EndProject
Project("{9A19103F-16F7-4668-BE54-9A1E7A4F7556}") = "BuildNotifications.Core", "BuildNotifications.Core\BuildNotifications.Core.csproj", "{024427AF-06DC-49DA-AB83-72BF131A5C3B}"
EndProject
Project("{9A19103F-16F7-4668-BE54-9A1E7A4F7556}") = "BuildNotifications", "BuildNotifications\BuildNotifications.csproj", "{492AA2C0-9317-443A-856E-818829B05147}"
	ProjectSection(ProjectDependencies) = postProject
		{0ABEF403-CA5B-447B-90C5-767B990B1F66} = {0ABEF403-CA5B-447B-90C5-767B990B1F66}
		{5E724F0F-F353-4CB5-B477-2796B8D01B36} = {5E724F0F-F353-4CB5-B477-2796B8D01B36}
		{1500AF61-8793-4E00-B095-56F7F32E34AD} = {1500AF61-8793-4E00-B095-56F7F32E34AD}
	EndProjectSection
EndProject
Project("{9A19103F-16F7-4668-BE54-9A1E7A4F7556}") = "BuildNotifications.Plugin.Tfs", "Plugins\BuildNotifications.Plugin.Tfs\BuildNotifications.Plugin.Tfs.csproj", "{1500AF61-8793-4E00-B095-56F7F32E34AD}"
EndProject
Project("{9A19103F-16F7-4668-BE54-9A1E7A4F7556}") = "DummyBuildServer", "DummyBuildServer\DummyBuildServer.csproj", "{B04BC5D8-E712-43B0-9D72-A49D93C4CB9D}"
EndProject
Project("{9A19103F-16F7-4668-BE54-9A1E7A4F7556}") = "BuildNotifications.Plugin.DummyBuildServer", "Plugins\BuildNotifications.Plugin.DummyBuildServer\BuildNotifications.Plugin.DummyBuildServer.csproj", "{5E724F0F-F353-4CB5-B477-2796B8D01B36}"
EndProject
Project("{2150E333-8FDC-42A3-9474-1A3956D46DE8}") = "Notifications", "Notifications", "{DB6D2A18-5F3D-407A-9177-85E13EE1A60D}"
EndProject
Project("{FAE04EC0-301F-11D3-BF4B-00C04F79EFBC}") = "ToastNotificationsPlugin", "ToastNotificationsPlugin\ToastNotificationsPlugin.csproj", "{0ABEF403-CA5B-447B-90C5-767B990B1F66}"
EndProject
Project("{9A19103F-16F7-4668-BE54-9A1E7A4F7556}") = "BuildNotifications.PluginInterfacesLegacy", "BuildNotifications.PluginInterfacesLegacy\BuildNotifications.PluginInterfacesLegacy.csproj", "{3DF6B2D1-284A-4341-A148-AA397327B254}"
EndProject
Global
	GlobalSection(SolutionConfigurationPlatforms) = preSolution
		Debug|Any CPU = Debug|Any CPU
		Debug|ARM = Debug|ARM
		Debug|ARM64 = Debug|ARM64
		Debug|x64 = Debug|x64
		Debug|x86 = Debug|x86
		Release|Any CPU = Release|Any CPU
		Release|ARM = Release|ARM
		Release|ARM64 = Release|ARM64
		Release|x64 = Release|x64
		Release|x86 = Release|x86
	EndGlobalSection
	GlobalSection(ProjectConfigurationPlatforms) = postSolution
		{288FAFAA-2D90-48B1-A0A9-1F4EC020CB25}.Debug|Any CPU.ActiveCfg = Debug|Any CPU
		{288FAFAA-2D90-48B1-A0A9-1F4EC020CB25}.Debug|Any CPU.Build.0 = Debug|Any CPU
		{288FAFAA-2D90-48B1-A0A9-1F4EC020CB25}.Debug|ARM.ActiveCfg = Debug|Any CPU
		{288FAFAA-2D90-48B1-A0A9-1F4EC020CB25}.Debug|ARM.Build.0 = Debug|Any CPU
		{288FAFAA-2D90-48B1-A0A9-1F4EC020CB25}.Debug|ARM64.ActiveCfg = Debug|Any CPU
		{288FAFAA-2D90-48B1-A0A9-1F4EC020CB25}.Debug|ARM64.Build.0 = Debug|Any CPU
		{288FAFAA-2D90-48B1-A0A9-1F4EC020CB25}.Debug|x64.ActiveCfg = Debug|Any CPU
		{288FAFAA-2D90-48B1-A0A9-1F4EC020CB25}.Debug|x64.Build.0 = Debug|Any CPU
		{288FAFAA-2D90-48B1-A0A9-1F4EC020CB25}.Debug|x86.ActiveCfg = Debug|Any CPU
		{288FAFAA-2D90-48B1-A0A9-1F4EC020CB25}.Debug|x86.Build.0 = Debug|Any CPU
		{288FAFAA-2D90-48B1-A0A9-1F4EC020CB25}.Release|Any CPU.ActiveCfg = Release|Any CPU
		{288FAFAA-2D90-48B1-A0A9-1F4EC020CB25}.Release|Any CPU.Build.0 = Release|Any CPU
		{288FAFAA-2D90-48B1-A0A9-1F4EC020CB25}.Release|ARM.ActiveCfg = Release|Any CPU
		{288FAFAA-2D90-48B1-A0A9-1F4EC020CB25}.Release|ARM.Build.0 = Release|Any CPU
		{288FAFAA-2D90-48B1-A0A9-1F4EC020CB25}.Release|ARM64.ActiveCfg = Release|Any CPU
		{288FAFAA-2D90-48B1-A0A9-1F4EC020CB25}.Release|ARM64.Build.0 = Release|Any CPU
		{288FAFAA-2D90-48B1-A0A9-1F4EC020CB25}.Release|x64.ActiveCfg = Release|Any CPU
		{288FAFAA-2D90-48B1-A0A9-1F4EC020CB25}.Release|x64.Build.0 = Release|Any CPU
		{288FAFAA-2D90-48B1-A0A9-1F4EC020CB25}.Release|x86.ActiveCfg = Release|Any CPU
		{288FAFAA-2D90-48B1-A0A9-1F4EC020CB25}.Release|x86.Build.0 = Release|Any CPU
		{159DA6C4-A2E7-4879-B013-583EB5C5A518}.Debug|Any CPU.ActiveCfg = Debug|Any CPU
		{159DA6C4-A2E7-4879-B013-583EB5C5A518}.Debug|Any CPU.Build.0 = Debug|Any CPU
		{159DA6C4-A2E7-4879-B013-583EB5C5A518}.Debug|ARM.ActiveCfg = Debug|Any CPU
		{159DA6C4-A2E7-4879-B013-583EB5C5A518}.Debug|ARM.Build.0 = Debug|Any CPU
		{159DA6C4-A2E7-4879-B013-583EB5C5A518}.Debug|ARM64.ActiveCfg = Debug|Any CPU
		{159DA6C4-A2E7-4879-B013-583EB5C5A518}.Debug|ARM64.Build.0 = Debug|Any CPU
		{159DA6C4-A2E7-4879-B013-583EB5C5A518}.Debug|x64.ActiveCfg = Debug|Any CPU
		{159DA6C4-A2E7-4879-B013-583EB5C5A518}.Debug|x64.Build.0 = Debug|Any CPU
		{159DA6C4-A2E7-4879-B013-583EB5C5A518}.Debug|x86.ActiveCfg = Debug|Any CPU
		{159DA6C4-A2E7-4879-B013-583EB5C5A518}.Debug|x86.Build.0 = Debug|Any CPU
		{159DA6C4-A2E7-4879-B013-583EB5C5A518}.Release|Any CPU.ActiveCfg = Release|Any CPU
		{159DA6C4-A2E7-4879-B013-583EB5C5A518}.Release|Any CPU.Build.0 = Release|Any CPU
		{159DA6C4-A2E7-4879-B013-583EB5C5A518}.Release|ARM.ActiveCfg = Release|Any CPU
		{159DA6C4-A2E7-4879-B013-583EB5C5A518}.Release|ARM.Build.0 = Release|Any CPU
		{159DA6C4-A2E7-4879-B013-583EB5C5A518}.Release|ARM64.ActiveCfg = Release|Any CPU
		{159DA6C4-A2E7-4879-B013-583EB5C5A518}.Release|ARM64.Build.0 = Release|Any CPU
		{159DA6C4-A2E7-4879-B013-583EB5C5A518}.Release|x64.ActiveCfg = Release|Any CPU
		{159DA6C4-A2E7-4879-B013-583EB5C5A518}.Release|x64.Build.0 = Release|Any CPU
		{159DA6C4-A2E7-4879-B013-583EB5C5A518}.Release|x86.ActiveCfg = Release|Any CPU
		{159DA6C4-A2E7-4879-B013-583EB5C5A518}.Release|x86.Build.0 = Release|Any CPU
		{A6A0CAED-0C8C-43C6-A7D5-99EA9B6B6283}.Debug|Any CPU.ActiveCfg = Debug|Any CPU
		{A6A0CAED-0C8C-43C6-A7D5-99EA9B6B6283}.Debug|Any CPU.Build.0 = Debug|Any CPU
		{A6A0CAED-0C8C-43C6-A7D5-99EA9B6B6283}.Debug|ARM.ActiveCfg = Debug|Any CPU
		{A6A0CAED-0C8C-43C6-A7D5-99EA9B6B6283}.Debug|ARM.Build.0 = Debug|Any CPU
		{A6A0CAED-0C8C-43C6-A7D5-99EA9B6B6283}.Debug|ARM64.ActiveCfg = Debug|Any CPU
		{A6A0CAED-0C8C-43C6-A7D5-99EA9B6B6283}.Debug|ARM64.Build.0 = Debug|Any CPU
		{A6A0CAED-0C8C-43C6-A7D5-99EA9B6B6283}.Debug|x64.ActiveCfg = Debug|Any CPU
		{A6A0CAED-0C8C-43C6-A7D5-99EA9B6B6283}.Debug|x64.Build.0 = Debug|Any CPU
		{A6A0CAED-0C8C-43C6-A7D5-99EA9B6B6283}.Debug|x86.ActiveCfg = Debug|Any CPU
		{A6A0CAED-0C8C-43C6-A7D5-99EA9B6B6283}.Debug|x86.Build.0 = Debug|Any CPU
		{A6A0CAED-0C8C-43C6-A7D5-99EA9B6B6283}.Release|Any CPU.ActiveCfg = Release|Any CPU
		{A6A0CAED-0C8C-43C6-A7D5-99EA9B6B6283}.Release|Any CPU.Build.0 = Release|Any CPU
		{A6A0CAED-0C8C-43C6-A7D5-99EA9B6B6283}.Release|ARM.ActiveCfg = Release|Any CPU
		{A6A0CAED-0C8C-43C6-A7D5-99EA9B6B6283}.Release|ARM.Build.0 = Release|Any CPU
		{A6A0CAED-0C8C-43C6-A7D5-99EA9B6B6283}.Release|ARM64.ActiveCfg = Release|Any CPU
		{A6A0CAED-0C8C-43C6-A7D5-99EA9B6B6283}.Release|ARM64.Build.0 = Release|Any CPU
		{A6A0CAED-0C8C-43C6-A7D5-99EA9B6B6283}.Release|x64.ActiveCfg = Release|Any CPU
		{A6A0CAED-0C8C-43C6-A7D5-99EA9B6B6283}.Release|x64.Build.0 = Release|Any CPU
		{A6A0CAED-0C8C-43C6-A7D5-99EA9B6B6283}.Release|x86.ActiveCfg = Release|Any CPU
		{A6A0CAED-0C8C-43C6-A7D5-99EA9B6B6283}.Release|x86.Build.0 = Release|Any CPU
		{024427AF-06DC-49DA-AB83-72BF131A5C3B}.Debug|Any CPU.ActiveCfg = Debug|Any CPU
		{024427AF-06DC-49DA-AB83-72BF131A5C3B}.Debug|Any CPU.Build.0 = Debug|Any CPU
		{024427AF-06DC-49DA-AB83-72BF131A5C3B}.Debug|ARM.ActiveCfg = Debug|Any CPU
		{024427AF-06DC-49DA-AB83-72BF131A5C3B}.Debug|ARM.Build.0 = Debug|Any CPU
		{024427AF-06DC-49DA-AB83-72BF131A5C3B}.Debug|ARM64.ActiveCfg = Debug|Any CPU
		{024427AF-06DC-49DA-AB83-72BF131A5C3B}.Debug|ARM64.Build.0 = Debug|Any CPU
		{024427AF-06DC-49DA-AB83-72BF131A5C3B}.Debug|x64.ActiveCfg = Debug|Any CPU
		{024427AF-06DC-49DA-AB83-72BF131A5C3B}.Debug|x64.Build.0 = Debug|Any CPU
		{024427AF-06DC-49DA-AB83-72BF131A5C3B}.Debug|x86.ActiveCfg = Debug|Any CPU
		{024427AF-06DC-49DA-AB83-72BF131A5C3B}.Debug|x86.Build.0 = Debug|Any CPU
		{024427AF-06DC-49DA-AB83-72BF131A5C3B}.Release|Any CPU.ActiveCfg = Release|Any CPU
		{024427AF-06DC-49DA-AB83-72BF131A5C3B}.Release|Any CPU.Build.0 = Release|Any CPU
		{024427AF-06DC-49DA-AB83-72BF131A5C3B}.Release|ARM.ActiveCfg = Release|Any CPU
		{024427AF-06DC-49DA-AB83-72BF131A5C3B}.Release|ARM.Build.0 = Release|Any CPU
		{024427AF-06DC-49DA-AB83-72BF131A5C3B}.Release|ARM64.ActiveCfg = Release|Any CPU
		{024427AF-06DC-49DA-AB83-72BF131A5C3B}.Release|ARM64.Build.0 = Release|Any CPU
		{024427AF-06DC-49DA-AB83-72BF131A5C3B}.Release|x64.ActiveCfg = Release|Any CPU
		{024427AF-06DC-49DA-AB83-72BF131A5C3B}.Release|x64.Build.0 = Release|Any CPU
		{024427AF-06DC-49DA-AB83-72BF131A5C3B}.Release|x86.ActiveCfg = Release|Any CPU
		{024427AF-06DC-49DA-AB83-72BF131A5C3B}.Release|x86.Build.0 = Release|Any CPU
		{492AA2C0-9317-443A-856E-818829B05147}.Debug|Any CPU.ActiveCfg = Debug|Any CPU
		{492AA2C0-9317-443A-856E-818829B05147}.Debug|Any CPU.Build.0 = Debug|Any CPU
		{492AA2C0-9317-443A-856E-818829B05147}.Debug|ARM.ActiveCfg = Debug|Any CPU
		{492AA2C0-9317-443A-856E-818829B05147}.Debug|ARM.Build.0 = Debug|Any CPU
		{492AA2C0-9317-443A-856E-818829B05147}.Debug|ARM64.ActiveCfg = Debug|Any CPU
		{492AA2C0-9317-443A-856E-818829B05147}.Debug|ARM64.Build.0 = Debug|Any CPU
		{492AA2C0-9317-443A-856E-818829B05147}.Debug|x64.ActiveCfg = Debug|Any CPU
		{492AA2C0-9317-443A-856E-818829B05147}.Debug|x64.Build.0 = Debug|Any CPU
		{492AA2C0-9317-443A-856E-818829B05147}.Debug|x86.ActiveCfg = Debug|Any CPU
		{492AA2C0-9317-443A-856E-818829B05147}.Debug|x86.Build.0 = Debug|Any CPU
		{492AA2C0-9317-443A-856E-818829B05147}.Release|Any CPU.ActiveCfg = Release|Any CPU
		{492AA2C0-9317-443A-856E-818829B05147}.Release|Any CPU.Build.0 = Release|Any CPU
		{492AA2C0-9317-443A-856E-818829B05147}.Release|ARM.ActiveCfg = Release|Any CPU
		{492AA2C0-9317-443A-856E-818829B05147}.Release|ARM.Build.0 = Release|Any CPU
		{492AA2C0-9317-443A-856E-818829B05147}.Release|ARM64.ActiveCfg = Release|Any CPU
		{492AA2C0-9317-443A-856E-818829B05147}.Release|ARM64.Build.0 = Release|Any CPU
		{492AA2C0-9317-443A-856E-818829B05147}.Release|x64.ActiveCfg = Release|Any CPU
		{492AA2C0-9317-443A-856E-818829B05147}.Release|x64.Build.0 = Release|Any CPU
		{492AA2C0-9317-443A-856E-818829B05147}.Release|x86.ActiveCfg = Release|Any CPU
		{492AA2C0-9317-443A-856E-818829B05147}.Release|x86.Build.0 = Release|Any CPU
		{1500AF61-8793-4E00-B095-56F7F32E34AD}.Debug|Any CPU.ActiveCfg = Debug|Any CPU
		{1500AF61-8793-4E00-B095-56F7F32E34AD}.Debug|Any CPU.Build.0 = Debug|Any CPU
		{1500AF61-8793-4E00-B095-56F7F32E34AD}.Debug|ARM.ActiveCfg = Debug|Any CPU
		{1500AF61-8793-4E00-B095-56F7F32E34AD}.Debug|ARM.Build.0 = Debug|Any CPU
		{1500AF61-8793-4E00-B095-56F7F32E34AD}.Debug|ARM64.ActiveCfg = Debug|Any CPU
		{1500AF61-8793-4E00-B095-56F7F32E34AD}.Debug|ARM64.Build.0 = Debug|Any CPU
		{1500AF61-8793-4E00-B095-56F7F32E34AD}.Debug|x64.ActiveCfg = Debug|Any CPU
		{1500AF61-8793-4E00-B095-56F7F32E34AD}.Debug|x64.Build.0 = Debug|Any CPU
		{1500AF61-8793-4E00-B095-56F7F32E34AD}.Debug|x86.ActiveCfg = Debug|Any CPU
		{1500AF61-8793-4E00-B095-56F7F32E34AD}.Debug|x86.Build.0 = Debug|Any CPU
		{1500AF61-8793-4E00-B095-56F7F32E34AD}.Release|Any CPU.ActiveCfg = Release|Any CPU
		{1500AF61-8793-4E00-B095-56F7F32E34AD}.Release|Any CPU.Build.0 = Release|Any CPU
		{1500AF61-8793-4E00-B095-56F7F32E34AD}.Release|ARM.ActiveCfg = Release|Any CPU
		{1500AF61-8793-4E00-B095-56F7F32E34AD}.Release|ARM.Build.0 = Release|Any CPU
		{1500AF61-8793-4E00-B095-56F7F32E34AD}.Release|ARM64.ActiveCfg = Release|Any CPU
		{1500AF61-8793-4E00-B095-56F7F32E34AD}.Release|ARM64.Build.0 = Release|Any CPU
		{1500AF61-8793-4E00-B095-56F7F32E34AD}.Release|x64.ActiveCfg = Release|Any CPU
		{1500AF61-8793-4E00-B095-56F7F32E34AD}.Release|x64.Build.0 = Release|Any CPU
		{1500AF61-8793-4E00-B095-56F7F32E34AD}.Release|x86.ActiveCfg = Release|Any CPU
		{1500AF61-8793-4E00-B095-56F7F32E34AD}.Release|x86.Build.0 = Release|Any CPU
		{B04BC5D8-E712-43B0-9D72-A49D93C4CB9D}.Debug|Any CPU.ActiveCfg = Debug|Any CPU
		{B04BC5D8-E712-43B0-9D72-A49D93C4CB9D}.Debug|Any CPU.Build.0 = Debug|Any CPU
		{B04BC5D8-E712-43B0-9D72-A49D93C4CB9D}.Debug|ARM.ActiveCfg = Debug|Any CPU
		{B04BC5D8-E712-43B0-9D72-A49D93C4CB9D}.Debug|ARM.Build.0 = Debug|Any CPU
		{B04BC5D8-E712-43B0-9D72-A49D93C4CB9D}.Debug|ARM64.ActiveCfg = Debug|Any CPU
		{B04BC5D8-E712-43B0-9D72-A49D93C4CB9D}.Debug|ARM64.Build.0 = Debug|Any CPU
		{B04BC5D8-E712-43B0-9D72-A49D93C4CB9D}.Debug|x64.ActiveCfg = Debug|Any CPU
		{B04BC5D8-E712-43B0-9D72-A49D93C4CB9D}.Debug|x64.Build.0 = Debug|Any CPU
		{B04BC5D8-E712-43B0-9D72-A49D93C4CB9D}.Debug|x86.ActiveCfg = Debug|Any CPU
		{B04BC5D8-E712-43B0-9D72-A49D93C4CB9D}.Debug|x86.Build.0 = Debug|Any CPU
		{B04BC5D8-E712-43B0-9D72-A49D93C4CB9D}.Release|Any CPU.ActiveCfg = Release|Any CPU
		{B04BC5D8-E712-43B0-9D72-A49D93C4CB9D}.Release|Any CPU.Build.0 = Release|Any CPU
		{B04BC5D8-E712-43B0-9D72-A49D93C4CB9D}.Release|ARM.ActiveCfg = Release|Any CPU
		{B04BC5D8-E712-43B0-9D72-A49D93C4CB9D}.Release|ARM.Build.0 = Release|Any CPU
		{B04BC5D8-E712-43B0-9D72-A49D93C4CB9D}.Release|ARM64.ActiveCfg = Release|Any CPU
		{B04BC5D8-E712-43B0-9D72-A49D93C4CB9D}.Release|ARM64.Build.0 = Release|Any CPU
		{B04BC5D8-E712-43B0-9D72-A49D93C4CB9D}.Release|x64.ActiveCfg = Release|Any CPU
		{B04BC5D8-E712-43B0-9D72-A49D93C4CB9D}.Release|x64.Build.0 = Release|Any CPU
		{B04BC5D8-E712-43B0-9D72-A49D93C4CB9D}.Release|x86.ActiveCfg = Release|Any CPU
		{B04BC5D8-E712-43B0-9D72-A49D93C4CB9D}.Release|x86.Build.0 = Release|Any CPU
		{5E724F0F-F353-4CB5-B477-2796B8D01B36}.Debug|Any CPU.ActiveCfg = Debug|Any CPU
		{5E724F0F-F353-4CB5-B477-2796B8D01B36}.Debug|Any CPU.Build.0 = Debug|Any CPU
		{5E724F0F-F353-4CB5-B477-2796B8D01B36}.Debug|ARM.ActiveCfg = Debug|Any CPU
		{5E724F0F-F353-4CB5-B477-2796B8D01B36}.Debug|ARM.Build.0 = Debug|Any CPU
		{5E724F0F-F353-4CB5-B477-2796B8D01B36}.Debug|ARM64.ActiveCfg = Debug|Any CPU
		{5E724F0F-F353-4CB5-B477-2796B8D01B36}.Debug|ARM64.Build.0 = Debug|Any CPU
		{5E724F0F-F353-4CB5-B477-2796B8D01B36}.Debug|x64.ActiveCfg = Debug|Any CPU
		{5E724F0F-F353-4CB5-B477-2796B8D01B36}.Debug|x64.Build.0 = Debug|Any CPU
		{5E724F0F-F353-4CB5-B477-2796B8D01B36}.Debug|x86.ActiveCfg = Debug|Any CPU
		{5E724F0F-F353-4CB5-B477-2796B8D01B36}.Debug|x86.Build.0 = Debug|Any CPU
		{5E724F0F-F353-4CB5-B477-2796B8D01B36}.Release|Any CPU.ActiveCfg = Release|Any CPU
		{5E724F0F-F353-4CB5-B477-2796B8D01B36}.Release|Any CPU.Build.0 = Release|Any CPU
		{5E724F0F-F353-4CB5-B477-2796B8D01B36}.Release|ARM.ActiveCfg = Release|Any CPU
		{5E724F0F-F353-4CB5-B477-2796B8D01B36}.Release|ARM.Build.0 = Release|Any CPU
		{5E724F0F-F353-4CB5-B477-2796B8D01B36}.Release|ARM64.ActiveCfg = Release|Any CPU
		{5E724F0F-F353-4CB5-B477-2796B8D01B36}.Release|ARM64.Build.0 = Release|Any CPU
		{5E724F0F-F353-4CB5-B477-2796B8D01B36}.Release|x64.ActiveCfg = Release|Any CPU
		{5E724F0F-F353-4CB5-B477-2796B8D01B36}.Release|x64.Build.0 = Release|Any CPU
		{5E724F0F-F353-4CB5-B477-2796B8D01B36}.Release|x86.ActiveCfg = Release|Any CPU
		{5E724F0F-F353-4CB5-B477-2796B8D01B36}.Release|x86.Build.0 = Release|Any CPU
		{0ABEF403-CA5B-447B-90C5-767B990B1F66}.Debug|Any CPU.ActiveCfg = Debug|Any CPU
		{0ABEF403-CA5B-447B-90C5-767B990B1F66}.Debug|Any CPU.Build.0 = Debug|Any CPU
		{0ABEF403-CA5B-447B-90C5-767B990B1F66}.Debug|ARM.ActiveCfg = Debug|Any CPU
		{0ABEF403-CA5B-447B-90C5-767B990B1F66}.Debug|ARM.Build.0 = Debug|Any CPU
		{0ABEF403-CA5B-447B-90C5-767B990B1F66}.Debug|ARM64.ActiveCfg = Debug|Any CPU
		{0ABEF403-CA5B-447B-90C5-767B990B1F66}.Debug|ARM64.Build.0 = Debug|Any CPU
		{0ABEF403-CA5B-447B-90C5-767B990B1F66}.Debug|x64.ActiveCfg = Debug|Any CPU
		{0ABEF403-CA5B-447B-90C5-767B990B1F66}.Debug|x64.Build.0 = Debug|Any CPU
		{0ABEF403-CA5B-447B-90C5-767B990B1F66}.Debug|x86.ActiveCfg = Debug|Any CPU
		{0ABEF403-CA5B-447B-90C5-767B990B1F66}.Debug|x86.Build.0 = Debug|Any CPU
		{0ABEF403-CA5B-447B-90C5-767B990B1F66}.Release|Any CPU.ActiveCfg = Release|Any CPU
		{0ABEF403-CA5B-447B-90C5-767B990B1F66}.Release|Any CPU.Build.0 = Release|Any CPU
		{0ABEF403-CA5B-447B-90C5-767B990B1F66}.Release|ARM.ActiveCfg = Release|Any CPU
		{0ABEF403-CA5B-447B-90C5-767B990B1F66}.Release|ARM.Build.0 = Release|Any CPU
		{0ABEF403-CA5B-447B-90C5-767B990B1F66}.Release|ARM64.ActiveCfg = Release|Any CPU
		{0ABEF403-CA5B-447B-90C5-767B990B1F66}.Release|ARM64.Build.0 = Release|Any CPU
		{0ABEF403-CA5B-447B-90C5-767B990B1F66}.Release|x64.ActiveCfg = Release|Any CPU
		{0ABEF403-CA5B-447B-90C5-767B990B1F66}.Release|x64.Build.0 = Release|Any CPU
		{0ABEF403-CA5B-447B-90C5-767B990B1F66}.Release|x86.ActiveCfg = Release|Any CPU
		{0ABEF403-CA5B-447B-90C5-767B990B1F66}.Release|x86.Build.0 = Release|Any CPU
		{3DF6B2D1-284A-4341-A148-AA397327B254}.Debug|Any CPU.ActiveCfg = Debug|Any CPU
		{3DF6B2D1-284A-4341-A148-AA397327B254}.Debug|Any CPU.Build.0 = Debug|Any CPU
		{3DF6B2D1-284A-4341-A148-AA397327B254}.Debug|ARM.ActiveCfg = Debug|Any CPU
		{3DF6B2D1-284A-4341-A148-AA397327B254}.Debug|ARM.Build.0 = Debug|Any CPU
		{3DF6B2D1-284A-4341-A148-AA397327B254}.Debug|ARM64.ActiveCfg = Debug|Any CPU
		{3DF6B2D1-284A-4341-A148-AA397327B254}.Debug|ARM64.Build.0 = Debug|Any CPU
		{3DF6B2D1-284A-4341-A148-AA397327B254}.Debug|x64.ActiveCfg = Debug|Any CPU
		{3DF6B2D1-284A-4341-A148-AA397327B254}.Debug|x64.Build.0 = Debug|Any CPU
		{3DF6B2D1-284A-4341-A148-AA397327B254}.Debug|x86.ActiveCfg = Debug|Any CPU
		{3DF6B2D1-284A-4341-A148-AA397327B254}.Debug|x86.Build.0 = Debug|Any CPU
		{3DF6B2D1-284A-4341-A148-AA397327B254}.Release|Any CPU.ActiveCfg = Release|Any CPU
		{3DF6B2D1-284A-4341-A148-AA397327B254}.Release|Any CPU.Build.0 = Release|Any CPU
		{3DF6B2D1-284A-4341-A148-AA397327B254}.Release|ARM.ActiveCfg = Release|Any CPU
		{3DF6B2D1-284A-4341-A148-AA397327B254}.Release|ARM.Build.0 = Release|Any CPU
		{3DF6B2D1-284A-4341-A148-AA397327B254}.Release|ARM64.ActiveCfg = Release|Any CPU
		{3DF6B2D1-284A-4341-A148-AA397327B254}.Release|ARM64.Build.0 = Release|Any CPU
		{3DF6B2D1-284A-4341-A148-AA397327B254}.Release|x64.ActiveCfg = Release|Any CPU
		{3DF6B2D1-284A-4341-A148-AA397327B254}.Release|x64.Build.0 = Release|Any CPU
		{3DF6B2D1-284A-4341-A148-AA397327B254}.Release|x86.ActiveCfg = Release|Any CPU
		{3DF6B2D1-284A-4341-A148-AA397327B254}.Release|x86.Build.0 = Release|Any CPU
	EndGlobalSection
	GlobalSection(SolutionProperties) = preSolution
		HideSolutionNode = FALSE
	EndGlobalSection
	GlobalSection(NestedProjects) = preSolution
		{288FAFAA-2D90-48B1-A0A9-1F4EC020CB25} = {C5549F81-8427-49EE-B6E9-6B72DE6DC978}
		{159DA6C4-A2E7-4879-B013-583EB5C5A518} = {2DBE0D14-3EE9-40D8-B772-8B6C522275F5}
		{A6A0CAED-0C8C-43C6-A7D5-99EA9B6B6283} = {2DBE0D14-3EE9-40D8-B772-8B6C522275F5}
		{1500AF61-8793-4E00-B095-56F7F32E34AD} = {C5549F81-8427-49EE-B6E9-6B72DE6DC978}
		{5E724F0F-F353-4CB5-B477-2796B8D01B36} = {C5549F81-8427-49EE-B6E9-6B72DE6DC978}
		{0ABEF403-CA5B-447B-90C5-767B990B1F66} = {DB6D2A18-5F3D-407A-9177-85E13EE1A60D}
		{3DF6B2D1-284A-4341-A148-AA397327B254} = {C5549F81-8427-49EE-B6E9-6B72DE6DC978}
	EndGlobalSection
	GlobalSection(ExtensibilityGlobals) = postSolution
		SolutionGuid = {977A787A-B46B-4832-8363-46C0A1A91F3F}
	EndGlobalSection
EndGlobal
