
Microsoft Visual Studio Solution File, Format Version 12.00
# Visual Studio Version 16
VisualStudioVersion = 16.0.28714.193
MinimumVisualStudioVersion = 10.0.40219.1
Project("{2150E333-8FDC-42A3-9474-1A3956D46DE8}") = "Plugins", "Plugins", "{C5549F81-8427-49EE-B6E9-6B72DE6DC978}"
EndProject
Project("{9A19103F-16F7-4668-BE54-9A1E7A4F7556}") = "BuildNotifications.PluginInterfaces", "Plugins\BuildNotifications.PluginInterfaces\BuildNotifications.PluginInterfaces.csproj", "{288FAFAA-2D90-48B1-A0A9-1F4EC020CB25}"
EndProject
Project("{2150E333-8FDC-42A3-9474-1A3956D46DE8}") = "Tests", "Tests", "{2DBE0D14-3EE9-40D8-B772-8B6C522275F5}"
EndProject
Project("{9A19103F-16F7-4668-BE54-9A1E7A4F7556}") = "BuildNotifications.Tests", "BuildNotifications.Tests\BuildNotifications.Tests.csproj", "{159DA6C4-A2E7-4879-B013-583EB5C5A518}"
EndProject
Project("{9A19103F-16F7-4668-BE54-9A1E7A4F7556}") = "BuildNotifications.Core.Tests", "BuildNotifications.Core.Tests\BuildNotifications.Core.Tests.csproj", "{A6A0CAED-0C8C-43C6-A7D5-99EA9B6B6283}"
EndProject
Project("{9A19103F-16F7-4668-BE54-9A1E7A4F7556}") = "BuildNotifications.Core", "BuildNotifications.Core\BuildNotifications.Core.csproj", "{024427AF-06DC-49DA-AB83-72BF131A5C3B}"
EndProject
Project("{9A19103F-16F7-4668-BE54-9A1E7A4F7556}") = "BuildNotifications", "BuildNotifications\BuildNotifications.csproj", "{492AA2C0-9317-443A-856E-818829B05147}"
	ProjectSection(ProjectDependencies) = postProject
		{0ABEF403-CA5B-447B-90C5-767B990B1F66} = {0ABEF403-CA5B-447B-90C5-767B990B1F66}
		{DC368610-4A67-4029-BFD3-F12AFC127DC7} = {DC368610-4A67-4029-BFD3-F12AFC127DC7}
		{1500AF61-8793-4E00-B095-56F7F32E34AD} = {1500AF61-8793-4E00-B095-56F7F32E34AD}
		{C72D01D7-7F92-4BE5-90DA-A58758A79486} = {C72D01D7-7F92-4BE5-90DA-A58758A79486}
	EndProjectSection
EndProject
Project("{9A19103F-16F7-4668-BE54-9A1E7A4F7556}") = "BuildNotifications.Plugin.Tfs", "Plugins\BuildNotifications.Plugin.Tfs\BuildNotifications.Plugin.Tfs.csproj", "{1500AF61-8793-4E00-B095-56F7F32E34AD}"
EndProject
Project("{2150E333-8FDC-42A3-9474-1A3956D46DE8}") = "Notifications", "Notifications", "{DB6D2A18-5F3D-407A-9177-85E13EE1A60D}"
EndProject
Project("{FAE04EC0-301F-11D3-BF4B-00C04F79EFBC}") = "ToastNotificationsPlugin", "ToastNotificationsPlugin\ToastNotificationsPlugin.csproj", "{0ABEF403-CA5B-447B-90C5-767B990B1F66}"
EndProject
Project("{9A19103F-16F7-4668-BE54-9A1E7A4F7556}") = "BuildNotifications.PluginInterfacesLegacy", "BuildNotifications.PluginInterfacesLegacy\BuildNotifications.PluginInterfacesLegacy.csproj", "{3DF6B2D1-284A-4341-A148-AA397327B254}"
EndProject
Project("{9A19103F-16F7-4668-BE54-9A1E7A4F7556}") = "BuildNotifications.Plugin.GitHub", "Plugins\BuildNotifications.Plugin.GitHub\BuildNotifications.Plugin.GitHub.csproj", "{C72D01D7-7F92-4BE5-90DA-A58758A79486}"
EndProject
Project("{2150E333-8FDC-42A3-9474-1A3956D46DE8}") = "Solution Items", "Solution Items", "{24915271-2D81-4492-AA12-88D5CEA0CF64}"
	ProjectSection(SolutionItems) = preProject
		.editorconfig = .editorconfig
	EndProjectSection
EndProject
Project("{9A19103F-16F7-4668-BE54-9A1E7A4F7556}") = "BuildNotifications.TestMocks", "BuildNotifications.TestMocks\BuildNotifications.TestMocks.csproj", "{F121A90C-8A6F-41EA-AD54-B34005E4A5E1}"
EndProject
Project("{9A19103F-16F7-4668-BE54-9A1E7A4F7556}") = "DummyServer", "DummyServer\DummyServer.csproj", "{BA05E039-F94B-44F7-A736-8024435472C4}"
EndProject
Project("{9A19103F-16F7-4668-BE54-9A1E7A4F7556}") = "BuildNotifications.Plugin.DummyServer", "Plugins\BuildNotifications.Plugin.DummyServer\BuildNotifications.Plugin.DummyServer.csproj", "{DC368610-4A67-4029-BFD3-F12AFC127DC7}"
EndProject
Project("{FAE04EC0-301F-11D3-BF4B-00C04F79EFBC}") = "BuildNotifications.Generators", "BuildNotifications.Generators\BuildNotifications.Generators.csproj", "{6190EE20-A727-4DA0-A374-12FA6077B2AA}"
EndProject
Global
	GlobalSection(SolutionConfigurationPlatforms) = preSolution
		Debug|Any CPU = Debug|Any CPU
		Debug|ARM = Debug|ARM
		Debug|ARM64 = Debug|ARM64
		Debug|x64 = Debug|x64
		Debug|x86 = Debug|x86
		Release|Any CPU = Release|Any CPU
		Release|ARM = Release|ARM
		Release|ARM64 = Release|ARM64
		Release|x64 = Release|x64
		Release|x86 = Release|x86
	EndGlobalSection
	GlobalSection(ProjectConfigurationPlatforms) = postSolution
		{288FAFAA-2D90-48B1-A0A9-1F4EC020CB25}.Debug|Any CPU.ActiveCfg = Debug|Any CPU
		{288FAFAA-2D90-48B1-A0A9-1F4EC020CB25}.Debug|Any CPU.Build.0 = Debug|Any CPU
		{288FAFAA-2D90-48B1-A0A9-1F4EC020CB25}.Debug|ARM.ActiveCfg = Debug|Any CPU
		{288FAFAA-2D90-48B1-A0A9-1F4EC020CB25}.Debug|ARM.Build.0 = Debug|Any CPU
		{288FAFAA-2D90-48B1-A0A9-1F4EC020CB25}.Debug|ARM64.ActiveCfg = Debug|Any CPU
		{288FAFAA-2D90-48B1-A0A9-1F4EC020CB25}.Debug|ARM64.Build.0 = Debug|Any CPU
		{288FAFAA-2D90-48B1-A0A9-1F4EC020CB25}.Debug|x64.ActiveCfg = Debug|Any CPU
		{288FAFAA-2D90-48B1-A0A9-1F4EC020CB25}.Debug|x64.Build.0 = Debug|Any CPU
		{288FAFAA-2D90-48B1-A0A9-1F4EC020CB25}.Debug|x86.ActiveCfg = Debug|Any CPU
		{288FAFAA-2D90-48B1-A0A9-1F4EC020CB25}.Debug|x86.Build.0 = Debug|Any CPU
		{288FAFAA-2D90-48B1-A0A9-1F4EC020CB25}.Release|Any CPU.ActiveCfg = Release|Any CPU
		{288FAFAA-2D90-48B1-A0A9-1F4EC020CB25}.Release|Any CPU.Build.0 = Release|Any CPU
		{288FAFAA-2D90-48B1-A0A9-1F4EC020CB25}.Release|ARM.ActiveCfg = Release|Any CPU
		{288FAFAA-2D90-48B1-A0A9-1F4EC020CB25}.Release|ARM.Build.0 = Release|Any CPU
		{288FAFAA-2D90-48B1-A0A9-1F4EC020CB25}.Release|ARM64.ActiveCfg = Release|Any CPU
		{288FAFAA-2D90-48B1-A0A9-1F4EC020CB25}.Release|ARM64.Build.0 = Release|Any CPU
		{288FAFAA-2D90-48B1-A0A9-1F4EC020CB25}.Release|x64.ActiveCfg = Release|Any CPU
		{288FAFAA-2D90-48B1-A0A9-1F4EC020CB25}.Release|x64.Build.0 = Release|Any CPU
		{288FAFAA-2D90-48B1-A0A9-1F4EC020CB25}.Release|x86.ActiveCfg = Release|Any CPU
		{288FAFAA-2D90-48B1-A0A9-1F4EC020CB25}.Release|x86.Build.0 = Release|Any CPU
		{159DA6C4-A2E7-4879-B013-583EB5C5A518}.Debug|Any CPU.ActiveCfg = Debug|Any CPU
		{159DA6C4-A2E7-4879-B013-583EB5C5A518}.Debug|Any CPU.Build.0 = Debug|Any CPU
		{159DA6C4-A2E7-4879-B013-583EB5C5A518}.Debug|ARM.ActiveCfg = Debug|Any CPU
		{159DA6C4-A2E7-4879-B013-583EB5C5A518}.Debug|ARM.Build.0 = Debug|Any CPU
		{159DA6C4-A2E7-4879-B013-583EB5C5A518}.Debug|ARM64.ActiveCfg = Debug|Any CPU
		{159DA6C4-A2E7-4879-B013-583EB5C5A518}.Debug|ARM64.Build.0 = Debug|Any CPU
		{159DA6C4-A2E7-4879-B013-583EB5C5A518}.Debug|x64.ActiveCfg = Debug|Any CPU
		{159DA6C4-A2E7-4879-B013-583EB5C5A518}.Debug|x64.Build.0 = Debug|Any CPU
		{159DA6C4-A2E7-4879-B013-583EB5C5A518}.Debug|x86.ActiveCfg = Debug|Any CPU
		{159DA6C4-A2E7-4879-B013-583EB5C5A518}.Debug|x86.Build.0 = Debug|Any CPU
		{159DA6C4-A2E7-4879-B013-583EB5C5A518}.Release|Any CPU.ActiveCfg = Release|Any CPU
		{159DA6C4-A2E7-4879-B013-583EB5C5A518}.Release|Any CPU.Build.0 = Release|Any CPU
		{159DA6C4-A2E7-4879-B013-583EB5C5A518}.Release|ARM.ActiveCfg = Release|Any CPU
		{159DA6C4-A2E7-4879-B013-583EB5C5A518}.Release|ARM.Build.0 = Release|Any CPU
		{159DA6C4-A2E7-4879-B013-583EB5C5A518}.Release|ARM64.ActiveCfg = Release|Any CPU
		{159DA6C4-A2E7-4879-B013-583EB5C5A518}.Release|ARM64.Build.0 = Release|Any CPU
		{159DA6C4-A2E7-4879-B013-583EB5C5A518}.Release|x64.ActiveCfg = Release|Any CPU
		{159DA6C4-A2E7-4879-B013-583EB5C5A518}.Release|x64.Build.0 = Release|Any CPU
		{159DA6C4-A2E7-4879-B013-583EB5C5A518}.Release|x86.ActiveCfg = Release|Any CPU
		{159DA6C4-A2E7-4879-B013-583EB5C5A518}.Release|x86.Build.0 = Release|Any CPU
		{A6A0CAED-0C8C-43C6-A7D5-99EA9B6B6283}.Debug|Any CPU.ActiveCfg = Debug|Any CPU
		{A6A0CAED-0C8C-43C6-A7D5-99EA9B6B6283}.Debug|Any CPU.Build.0 = Debug|Any CPU
		{A6A0CAED-0C8C-43C6-A7D5-99EA9B6B6283}.Debug|ARM.ActiveCfg = Debug|Any CPU
		{A6A0CAED-0C8C-43C6-A7D5-99EA9B6B6283}.Debug|ARM.Build.0 = Debug|Any CPU
		{A6A0CAED-0C8C-43C6-A7D5-99EA9B6B6283}.Debug|ARM64.ActiveCfg = Debug|Any CPU
		{A6A0CAED-0C8C-43C6-A7D5-99EA9B6B6283}.Debug|ARM64.Build.0 = Debug|Any CPU
		{A6A0CAED-0C8C-43C6-A7D5-99EA9B6B6283}.Debug|x64.ActiveCfg = Debug|Any CPU
		{A6A0CAED-0C8C-43C6-A7D5-99EA9B6B6283}.Debug|x64.Build.0 = Debug|Any CPU
		{A6A0CAED-0C8C-43C6-A7D5-99EA9B6B6283}.Debug|x86.ActiveCfg = Debug|Any CPU
		{A6A0CAED-0C8C-43C6-A7D5-99EA9B6B6283}.Debug|x86.Build.0 = Debug|Any CPU
		{A6A0CAED-0C8C-43C6-A7D5-99EA9B6B6283}.Release|Any CPU.ActiveCfg = Release|Any CPU
		{A6A0CAED-0C8C-43C6-A7D5-99EA9B6B6283}.Release|Any CPU.Build.0 = Release|Any CPU
		{A6A0CAED-0C8C-43C6-A7D5-99EA9B6B6283}.Release|ARM.ActiveCfg = Release|Any CPU
		{A6A0CAED-0C8C-43C6-A7D5-99EA9B6B6283}.Release|ARM.Build.0 = Release|Any CPU
		{A6A0CAED-0C8C-43C6-A7D5-99EA9B6B6283}.Release|ARM64.ActiveCfg = Release|Any CPU
		{A6A0CAED-0C8C-43C6-A7D5-99EA9B6B6283}.Release|ARM64.Build.0 = Release|Any CPU
		{A6A0CAED-0C8C-43C6-A7D5-99EA9B6B6283}.Release|x64.ActiveCfg = Release|Any CPU
		{A6A0CAED-0C8C-43C6-A7D5-99EA9B6B6283}.Release|x64.Build.0 = Release|Any CPU
		{A6A0CAED-0C8C-43C6-A7D5-99EA9B6B6283}.Release|x86.ActiveCfg = Release|Any CPU
		{A6A0CAED-0C8C-43C6-A7D5-99EA9B6B6283}.Release|x86.Build.0 = Release|Any CPU
		{024427AF-06DC-49DA-AB83-72BF131A5C3B}.Debug|Any CPU.ActiveCfg = Debug|Any CPU
		{024427AF-06DC-49DA-AB83-72BF131A5C3B}.Debug|Any CPU.Build.0 = Debug|Any CPU
		{024427AF-06DC-49DA-AB83-72BF131A5C3B}.Debug|ARM.ActiveCfg = Debug|Any CPU
		{024427AF-06DC-49DA-AB83-72BF131A5C3B}.Debug|ARM.Build.0 = Debug|Any CPU
		{024427AF-06DC-49DA-AB83-72BF131A5C3B}.Debug|ARM64.ActiveCfg = Debug|Any CPU
		{024427AF-06DC-49DA-AB83-72BF131A5C3B}.Debug|ARM64.Build.0 = Debug|Any CPU
		{024427AF-06DC-49DA-AB83-72BF131A5C3B}.Debug|x64.ActiveCfg = Debug|Any CPU
		{024427AF-06DC-49DA-AB83-72BF131A5C3B}.Debug|x64.Build.0 = Debug|Any CPU
		{024427AF-06DC-49DA-AB83-72BF131A5C3B}.Debug|x86.ActiveCfg = Debug|Any CPU
		{024427AF-06DC-49DA-AB83-72BF131A5C3B}.Debug|x86.Build.0 = Debug|Any CPU
		{024427AF-06DC-49DA-AB83-72BF131A5C3B}.Release|Any CPU.ActiveCfg = Release|Any CPU
		{024427AF-06DC-49DA-AB83-72BF131A5C3B}.Release|Any CPU.Build.0 = Release|Any CPU
		{024427AF-06DC-49DA-AB83-72BF131A5C3B}.Release|ARM.ActiveCfg = Release|Any CPU
		{024427AF-06DC-49DA-AB83-72BF131A5C3B}.Release|ARM.Build.0 = Release|Any CPU
		{024427AF-06DC-49DA-AB83-72BF131A5C3B}.Release|ARM64.ActiveCfg = Release|Any CPU
		{024427AF-06DC-49DA-AB83-72BF131A5C3B}.Release|ARM64.Build.0 = Release|Any CPU
		{024427AF-06DC-49DA-AB83-72BF131A5C3B}.Release|x64.ActiveCfg = Release|Any CPU
		{024427AF-06DC-49DA-AB83-72BF131A5C3B}.Release|x64.Build.0 = Release|Any CPU
		{024427AF-06DC-49DA-AB83-72BF131A5C3B}.Release|x86.ActiveCfg = Release|Any CPU
		{024427AF-06DC-49DA-AB83-72BF131A5C3B}.Release|x86.Build.0 = Release|Any CPU
		{492AA2C0-9317-443A-856E-818829B05147}.Debug|Any CPU.ActiveCfg = Debug|Any CPU
		{492AA2C0-9317-443A-856E-818829B05147}.Debug|Any CPU.Build.0 = Debug|Any CPU
		{492AA2C0-9317-443A-856E-818829B05147}.Debug|ARM.ActiveCfg = Debug|Any CPU
		{492AA2C0-9317-443A-856E-818829B05147}.Debug|ARM.Build.0 = Debug|Any CPU
		{492AA2C0-9317-443A-856E-818829B05147}.Debug|ARM64.ActiveCfg = Debug|Any CPU
		{492AA2C0-9317-443A-856E-818829B05147}.Debug|ARM64.Build.0 = Debug|Any CPU
		{492AA2C0-9317-443A-856E-818829B05147}.Debug|x64.ActiveCfg = Debug|Any CPU
		{492AA2C0-9317-443A-856E-818829B05147}.Debug|x64.Build.0 = Debug|Any CPU
		{492AA2C0-9317-443A-856E-818829B05147}.Debug|x86.ActiveCfg = Debug|Any CPU
		{492AA2C0-9317-443A-856E-818829B05147}.Debug|x86.Build.0 = Debug|Any CPU
		{492AA2C0-9317-443A-856E-818829B05147}.Release|Any CPU.ActiveCfg = Release|Any CPU
		{492AA2C0-9317-443A-856E-818829B05147}.Release|Any CPU.Build.0 = Release|Any CPU
		{492AA2C0-9317-443A-856E-818829B05147}.Release|ARM.ActiveCfg = Release|Any CPU
		{492AA2C0-9317-443A-856E-818829B05147}.Release|ARM.Build.0 = Release|Any CPU
		{492AA2C0-9317-443A-856E-818829B05147}.Release|ARM64.ActiveCfg = Release|Any CPU
		{492AA2C0-9317-443A-856E-818829B05147}.Release|ARM64.Build.0 = Release|Any CPU
		{492AA2C0-9317-443A-856E-818829B05147}.Release|x64.ActiveCfg = Release|Any CPU
		{492AA2C0-9317-443A-856E-818829B05147}.Release|x64.Build.0 = Release|Any CPU
		{492AA2C0-9317-443A-856E-818829B05147}.Release|x86.ActiveCfg = Release|Any CPU
		{492AA2C0-9317-443A-856E-818829B05147}.Release|x86.Build.0 = Release|Any CPU
		{1500AF61-8793-4E00-B095-56F7F32E34AD}.Debug|Any CPU.ActiveCfg = Debug|Any CPU
		{1500AF61-8793-4E00-B095-56F7F32E34AD}.Debug|Any CPU.Build.0 = Debug|Any CPU
		{1500AF61-8793-4E00-B095-56F7F32E34AD}.Debug|ARM.ActiveCfg = Debug|Any CPU
		{1500AF61-8793-4E00-B095-56F7F32E34AD}.Debug|ARM.Build.0 = Debug|Any CPU
		{1500AF61-8793-4E00-B095-56F7F32E34AD}.Debug|ARM64.ActiveCfg = Debug|Any CPU
		{1500AF61-8793-4E00-B095-56F7F32E34AD}.Debug|ARM64.Build.0 = Debug|Any CPU
		{1500AF61-8793-4E00-B095-56F7F32E34AD}.Debug|x64.ActiveCfg = Debug|Any CPU
		{1500AF61-8793-4E00-B095-56F7F32E34AD}.Debug|x64.Build.0 = Debug|Any CPU
		{1500AF61-8793-4E00-B095-56F7F32E34AD}.Debug|x86.ActiveCfg = Debug|Any CPU
		{1500AF61-8793-4E00-B095-56F7F32E34AD}.Debug|x86.Build.0 = Debug|Any CPU
		{1500AF61-8793-4E00-B095-56F7F32E34AD}.Release|Any CPU.ActiveCfg = Release|Any CPU
		{1500AF61-8793-4E00-B095-56F7F32E34AD}.Release|Any CPU.Build.0 = Release|Any CPU
		{1500AF61-8793-4E00-B095-56F7F32E34AD}.Release|ARM.ActiveCfg = Release|Any CPU
		{1500AF61-8793-4E00-B095-56F7F32E34AD}.Release|ARM.Build.0 = Release|Any CPU
		{1500AF61-8793-4E00-B095-56F7F32E34AD}.Release|ARM64.ActiveCfg = Release|Any CPU
		{1500AF61-8793-4E00-B095-56F7F32E34AD}.Release|ARM64.Build.0 = Release|Any CPU
		{1500AF61-8793-4E00-B095-56F7F32E34AD}.Release|x64.ActiveCfg = Release|Any CPU
		{1500AF61-8793-4E00-B095-56F7F32E34AD}.Release|x64.Build.0 = Release|Any CPU
		{1500AF61-8793-4E00-B095-56F7F32E34AD}.Release|x86.ActiveCfg = Release|Any CPU
		{1500AF61-8793-4E00-B095-56F7F32E34AD}.Release|x86.Build.0 = Release|Any CPU
		{0ABEF403-CA5B-447B-90C5-767B990B1F66}.Debug|Any CPU.ActiveCfg = Debug|Any CPU
		{0ABEF403-CA5B-447B-90C5-767B990B1F66}.Debug|Any CPU.Build.0 = Debug|Any CPU
		{0ABEF403-CA5B-447B-90C5-767B990B1F66}.Debug|ARM.ActiveCfg = Debug|Any CPU
		{0ABEF403-CA5B-447B-90C5-767B990B1F66}.Debug|ARM.Build.0 = Debug|Any CPU
		{0ABEF403-CA5B-447B-90C5-767B990B1F66}.Debug|ARM64.ActiveCfg = Debug|Any CPU
		{0ABEF403-CA5B-447B-90C5-767B990B1F66}.Debug|ARM64.Build.0 = Debug|Any CPU
		{0ABEF403-CA5B-447B-90C5-767B990B1F66}.Debug|x64.ActiveCfg = Debug|Any CPU
		{0ABEF403-CA5B-447B-90C5-767B990B1F66}.Debug|x64.Build.0 = Debug|Any CPU
		{0ABEF403-CA5B-447B-90C5-767B990B1F66}.Debug|x86.ActiveCfg = Debug|Any CPU
		{0ABEF403-CA5B-447B-90C5-767B990B1F66}.Debug|x86.Build.0 = Debug|Any CPU
		{0ABEF403-CA5B-447B-90C5-767B990B1F66}.Release|Any CPU.ActiveCfg = Release|Any CPU
		{0ABEF403-CA5B-447B-90C5-767B990B1F66}.Release|Any CPU.Build.0 = Release|Any CPU
		{0ABEF403-CA5B-447B-90C5-767B990B1F66}.Release|ARM.ActiveCfg = Release|Any CPU
		{0ABEF403-CA5B-447B-90C5-767B990B1F66}.Release|ARM.Build.0 = Release|Any CPU
		{0ABEF403-CA5B-447B-90C5-767B990B1F66}.Release|ARM64.ActiveCfg = Release|Any CPU
		{0ABEF403-CA5B-447B-90C5-767B990B1F66}.Release|ARM64.Build.0 = Release|Any CPU
		{0ABEF403-CA5B-447B-90C5-767B990B1F66}.Release|x64.ActiveCfg = Release|Any CPU
		{0ABEF403-CA5B-447B-90C5-767B990B1F66}.Release|x64.Build.0 = Release|Any CPU
		{0ABEF403-CA5B-447B-90C5-767B990B1F66}.Release|x86.ActiveCfg = Release|Any CPU
		{0ABEF403-CA5B-447B-90C5-767B990B1F66}.Release|x86.Build.0 = Release|Any CPU
		{3DF6B2D1-284A-4341-A148-AA397327B254}.Debug|Any CPU.ActiveCfg = Debug|Any CPU
		{3DF6B2D1-284A-4341-A148-AA397327B254}.Debug|Any CPU.Build.0 = Debug|Any CPU
		{3DF6B2D1-284A-4341-A148-AA397327B254}.Debug|ARM.ActiveCfg = Debug|Any CPU
		{3DF6B2D1-284A-4341-A148-AA397327B254}.Debug|ARM.Build.0 = Debug|Any CPU
		{3DF6B2D1-284A-4341-A148-AA397327B254}.Debug|ARM64.ActiveCfg = Debug|Any CPU
		{3DF6B2D1-284A-4341-A148-AA397327B254}.Debug|ARM64.Build.0 = Debug|Any CPU
		{3DF6B2D1-284A-4341-A148-AA397327B254}.Debug|x64.ActiveCfg = Debug|Any CPU
		{3DF6B2D1-284A-4341-A148-AA397327B254}.Debug|x64.Build.0 = Debug|Any CPU
		{3DF6B2D1-284A-4341-A148-AA397327B254}.Debug|x86.ActiveCfg = Debug|Any CPU
		{3DF6B2D1-284A-4341-A148-AA397327B254}.Debug|x86.Build.0 = Debug|Any CPU
		{3DF6B2D1-284A-4341-A148-AA397327B254}.Release|Any CPU.ActiveCfg = Release|Any CPU
		{3DF6B2D1-284A-4341-A148-AA397327B254}.Release|Any CPU.Build.0 = Release|Any CPU
		{3DF6B2D1-284A-4341-A148-AA397327B254}.Release|ARM.ActiveCfg = Release|Any CPU
		{3DF6B2D1-284A-4341-A148-AA397327B254}.Release|ARM.Build.0 = Release|Any CPU
		{3DF6B2D1-284A-4341-A148-AA397327B254}.Release|ARM64.ActiveCfg = Release|Any CPU
		{3DF6B2D1-284A-4341-A148-AA397327B254}.Release|ARM64.Build.0 = Release|Any CPU
		{3DF6B2D1-284A-4341-A148-AA397327B254}.Release|x64.ActiveCfg = Release|Any CPU
		{3DF6B2D1-284A-4341-A148-AA397327B254}.Release|x64.Build.0 = Release|Any CPU
		{3DF6B2D1-284A-4341-A148-AA397327B254}.Release|x86.ActiveCfg = Release|Any CPU
		{3DF6B2D1-284A-4341-A148-AA397327B254}.Release|x86.Build.0 = Release|Any CPU
		{C72D01D7-7F92-4BE5-90DA-A58758A79486}.Debug|Any CPU.ActiveCfg = Debug|Any CPU
		{C72D01D7-7F92-4BE5-90DA-A58758A79486}.Debug|Any CPU.Build.0 = Debug|Any CPU
		{C72D01D7-7F92-4BE5-90DA-A58758A79486}.Debug|ARM.ActiveCfg = Debug|Any CPU
		{C72D01D7-7F92-4BE5-90DA-A58758A79486}.Debug|ARM.Build.0 = Debug|Any CPU
		{C72D01D7-7F92-4BE5-90DA-A58758A79486}.Debug|ARM64.ActiveCfg = Debug|Any CPU
		{C72D01D7-7F92-4BE5-90DA-A58758A79486}.Debug|ARM64.Build.0 = Debug|Any CPU
		{C72D01D7-7F92-4BE5-90DA-A58758A79486}.Debug|x64.ActiveCfg = Debug|Any CPU
		{C72D01D7-7F92-4BE5-90DA-A58758A79486}.Debug|x64.Build.0 = Debug|Any CPU
		{C72D01D7-7F92-4BE5-90DA-A58758A79486}.Debug|x86.ActiveCfg = Debug|Any CPU
		{C72D01D7-7F92-4BE5-90DA-A58758A79486}.Debug|x86.Build.0 = Debug|Any CPU
		{C72D01D7-7F92-4BE5-90DA-A58758A79486}.Release|Any CPU.ActiveCfg = Release|Any CPU
		{C72D01D7-7F92-4BE5-90DA-A58758A79486}.Release|Any CPU.Build.0 = Release|Any CPU
		{C72D01D7-7F92-4BE5-90DA-A58758A79486}.Release|ARM.ActiveCfg = Release|Any CPU
		{C72D01D7-7F92-4BE5-90DA-A58758A79486}.Release|ARM.Build.0 = Release|Any CPU
		{C72D01D7-7F92-4BE5-90DA-A58758A79486}.Release|ARM64.ActiveCfg = Release|Any CPU
		{C72D01D7-7F92-4BE5-90DA-A58758A79486}.Release|ARM64.Build.0 = Release|Any CPU
		{C72D01D7-7F92-4BE5-90DA-A58758A79486}.Release|x64.ActiveCfg = Release|Any CPU
		{C72D01D7-7F92-4BE5-90DA-A58758A79486}.Release|x64.Build.0 = Release|Any CPU
		{C72D01D7-7F92-4BE5-90DA-A58758A79486}.Release|x86.ActiveCfg = Release|Any CPU
		{C72D01D7-7F92-4BE5-90DA-A58758A79486}.Release|x86.Build.0 = Release|Any CPU
		{F121A90C-8A6F-41EA-AD54-B34005E4A5E1}.Debug|Any CPU.ActiveCfg = Debug|Any CPU
		{F121A90C-8A6F-41EA-AD54-B34005E4A5E1}.Debug|Any CPU.Build.0 = Debug|Any CPU
		{F121A90C-8A6F-41EA-AD54-B34005E4A5E1}.Debug|ARM.ActiveCfg = Debug|Any CPU
		{F121A90C-8A6F-41EA-AD54-B34005E4A5E1}.Debug|ARM.Build.0 = Debug|Any CPU
		{F121A90C-8A6F-41EA-AD54-B34005E4A5E1}.Debug|ARM64.ActiveCfg = Debug|Any CPU
		{F121A90C-8A6F-41EA-AD54-B34005E4A5E1}.Debug|ARM64.Build.0 = Debug|Any CPU
		{F121A90C-8A6F-41EA-AD54-B34005E4A5E1}.Debug|x64.ActiveCfg = Debug|Any CPU
		{F121A90C-8A6F-41EA-AD54-B34005E4A5E1}.Debug|x64.Build.0 = Debug|Any CPU
		{F121A90C-8A6F-41EA-AD54-B34005E4A5E1}.Debug|x86.ActiveCfg = Debug|Any CPU
		{F121A90C-8A6F-41EA-AD54-B34005E4A5E1}.Debug|x86.Build.0 = Debug|Any CPU
		{F121A90C-8A6F-41EA-AD54-B34005E4A5E1}.Release|Any CPU.ActiveCfg = Release|Any CPU
		{F121A90C-8A6F-41EA-AD54-B34005E4A5E1}.Release|Any CPU.Build.0 = Release|Any CPU
		{F121A90C-8A6F-41EA-AD54-B34005E4A5E1}.Release|ARM.ActiveCfg = Release|Any CPU
		{F121A90C-8A6F-41EA-AD54-B34005E4A5E1}.Release|ARM.Build.0 = Release|Any CPU
		{F121A90C-8A6F-41EA-AD54-B34005E4A5E1}.Release|ARM64.ActiveCfg = Release|Any CPU
		{F121A90C-8A6F-41EA-AD54-B34005E4A5E1}.Release|ARM64.Build.0 = Release|Any CPU
		{F121A90C-8A6F-41EA-AD54-B34005E4A5E1}.Release|x64.ActiveCfg = Release|Any CPU
		{F121A90C-8A6F-41EA-AD54-B34005E4A5E1}.Release|x64.Build.0 = Release|Any CPU
		{F121A90C-8A6F-41EA-AD54-B34005E4A5E1}.Release|x86.ActiveCfg = Release|Any CPU
		{F121A90C-8A6F-41EA-AD54-B34005E4A5E1}.Release|x86.Build.0 = Release|Any CPU
		{BA05E039-F94B-44F7-A736-8024435472C4}.Debug|Any CPU.ActiveCfg = Debug|Any CPU
		{BA05E039-F94B-44F7-A736-8024435472C4}.Debug|Any CPU.Build.0 = Debug|Any CPU
		{BA05E039-F94B-44F7-A736-8024435472C4}.Debug|ARM.ActiveCfg = Debug|Any CPU
		{BA05E039-F94B-44F7-A736-8024435472C4}.Debug|ARM.Build.0 = Debug|Any CPU
		{BA05E039-F94B-44F7-A736-8024435472C4}.Debug|ARM64.ActiveCfg = Debug|Any CPU
		{BA05E039-F94B-44F7-A736-8024435472C4}.Debug|ARM64.Build.0 = Debug|Any CPU
		{BA05E039-F94B-44F7-A736-8024435472C4}.Debug|x64.ActiveCfg = Debug|Any CPU
		{BA05E039-F94B-44F7-A736-8024435472C4}.Debug|x64.Build.0 = Debug|Any CPU
		{BA05E039-F94B-44F7-A736-8024435472C4}.Debug|x86.ActiveCfg = Debug|Any CPU
		{BA05E039-F94B-44F7-A736-8024435472C4}.Debug|x86.Build.0 = Debug|Any CPU
		{BA05E039-F94B-44F7-A736-8024435472C4}.Release|Any CPU.ActiveCfg = Release|Any CPU
		{BA05E039-F94B-44F7-A736-8024435472C4}.Release|Any CPU.Build.0 = Release|Any CPU
		{BA05E039-F94B-44F7-A736-8024435472C4}.Release|ARM.ActiveCfg = Release|Any CPU
		{BA05E039-F94B-44F7-A736-8024435472C4}.Release|ARM.Build.0 = Release|Any CPU
		{BA05E039-F94B-44F7-A736-8024435472C4}.Release|ARM64.ActiveCfg = Release|Any CPU
		{BA05E039-F94B-44F7-A736-8024435472C4}.Release|ARM64.Build.0 = Release|Any CPU
		{BA05E039-F94B-44F7-A736-8024435472C4}.Release|x64.ActiveCfg = Release|Any CPU
		{BA05E039-F94B-44F7-A736-8024435472C4}.Release|x64.Build.0 = Release|Any CPU
		{BA05E039-F94B-44F7-A736-8024435472C4}.Release|x86.ActiveCfg = Release|Any CPU
		{BA05E039-F94B-44F7-A736-8024435472C4}.Release|x86.Build.0 = Release|Any CPU
		{DC368610-4A67-4029-BFD3-F12AFC127DC7}.Debug|Any CPU.ActiveCfg = Debug|Any CPU
		{DC368610-4A67-4029-BFD3-F12AFC127DC7}.Debug|Any CPU.Build.0 = Debug|Any CPU
		{DC368610-4A67-4029-BFD3-F12AFC127DC7}.Debug|ARM.ActiveCfg = Debug|Any CPU
		{DC368610-4A67-4029-BFD3-F12AFC127DC7}.Debug|ARM.Build.0 = Debug|Any CPU
		{DC368610-4A67-4029-BFD3-F12AFC127DC7}.Debug|ARM64.ActiveCfg = Debug|Any CPU
		{DC368610-4A67-4029-BFD3-F12AFC127DC7}.Debug|ARM64.Build.0 = Debug|Any CPU
		{DC368610-4A67-4029-BFD3-F12AFC127DC7}.Debug|x64.ActiveCfg = Debug|Any CPU
		{DC368610-4A67-4029-BFD3-F12AFC127DC7}.Debug|x64.Build.0 = Debug|Any CPU
		{DC368610-4A67-4029-BFD3-F12AFC127DC7}.Debug|x86.ActiveCfg = Debug|Any CPU
		{DC368610-4A67-4029-BFD3-F12AFC127DC7}.Debug|x86.Build.0 = Debug|Any CPU
		{DC368610-4A67-4029-BFD3-F12AFC127DC7}.Release|Any CPU.ActiveCfg = Release|Any CPU
		{DC368610-4A67-4029-BFD3-F12AFC127DC7}.Release|Any CPU.Build.0 = Release|Any CPU
		{DC368610-4A67-4029-BFD3-F12AFC127DC7}.Release|ARM.ActiveCfg = Release|Any CPU
		{DC368610-4A67-4029-BFD3-F12AFC127DC7}.Release|ARM.Build.0 = Release|Any CPU
		{DC368610-4A67-4029-BFD3-F12AFC127DC7}.Release|ARM64.ActiveCfg = Release|Any CPU
		{DC368610-4A67-4029-BFD3-F12AFC127DC7}.Release|ARM64.Build.0 = Release|Any CPU
		{DC368610-4A67-4029-BFD3-F12AFC127DC7}.Release|x64.ActiveCfg = Release|Any CPU
		{DC368610-4A67-4029-BFD3-F12AFC127DC7}.Release|x64.Build.0 = Release|Any CPU
		{DC368610-4A67-4029-BFD3-F12AFC127DC7}.Release|x86.ActiveCfg = Release|Any CPU
		{DC368610-4A67-4029-BFD3-F12AFC127DC7}.Release|x86.Build.0 = Release|Any CPU
		{6190EE20-A727-4DA0-A374-12FA6077B2AA}.Debug|Any CPU.ActiveCfg = Debug|Any CPU
		{6190EE20-A727-4DA0-A374-12FA6077B2AA}.Debug|Any CPU.Build.0 = Debug|Any CPU
		{6190EE20-A727-4DA0-A374-12FA6077B2AA}.Debug|ARM.ActiveCfg = Debug|Any CPU
		{6190EE20-A727-4DA0-A374-12FA6077B2AA}.Debug|ARM.Build.0 = Debug|Any CPU
		{6190EE20-A727-4DA0-A374-12FA6077B2AA}.Debug|ARM64.ActiveCfg = Debug|Any CPU
		{6190EE20-A727-4DA0-A374-12FA6077B2AA}.Debug|ARM64.Build.0 = Debug|Any CPU
		{6190EE20-A727-4DA0-A374-12FA6077B2AA}.Debug|x64.ActiveCfg = Debug|Any CPU
		{6190EE20-A727-4DA0-A374-12FA6077B2AA}.Debug|x64.Build.0 = Debug|Any CPU
		{6190EE20-A727-4DA0-A374-12FA6077B2AA}.Debug|x86.ActiveCfg = Debug|Any CPU
		{6190EE20-A727-4DA0-A374-12FA6077B2AA}.Debug|x86.Build.0 = Debug|Any CPU
		{6190EE20-A727-4DA0-A374-12FA6077B2AA}.Release|Any CPU.ActiveCfg = Release|Any CPU
		{6190EE20-A727-4DA0-A374-12FA6077B2AA}.Release|Any CPU.Build.0 = Release|Any CPU
		{6190EE20-A727-4DA0-A374-12FA6077B2AA}.Release|ARM.ActiveCfg = Release|Any CPU
		{6190EE20-A727-4DA0-A374-12FA6077B2AA}.Release|ARM.Build.0 = Release|Any CPU
		{6190EE20-A727-4DA0-A374-12FA6077B2AA}.Release|ARM64.ActiveCfg = Release|Any CPU
		{6190EE20-A727-4DA0-A374-12FA6077B2AA}.Release|ARM64.Build.0 = Release|Any CPU
		{6190EE20-A727-4DA0-A374-12FA6077B2AA}.Release|x64.ActiveCfg = Release|Any CPU
		{6190EE20-A727-4DA0-A374-12FA6077B2AA}.Release|x64.Build.0 = Release|Any CPU
		{6190EE20-A727-4DA0-A374-12FA6077B2AA}.Release|x86.ActiveCfg = Release|Any CPU
		{6190EE20-A727-4DA0-A374-12FA6077B2AA}.Release|x86.Build.0 = Release|Any CPU
	EndGlobalSection
	GlobalSection(SolutionProperties) = preSolution
		HideSolutionNode = FALSE
	EndGlobalSection
	GlobalSection(NestedProjects) = preSolution
		{288FAFAA-2D90-48B1-A0A9-1F4EC020CB25} = {C5549F81-8427-49EE-B6E9-6B72DE6DC978}
		{159DA6C4-A2E7-4879-B013-583EB5C5A518} = {2DBE0D14-3EE9-40D8-B772-8B6C522275F5}
		{A6A0CAED-0C8C-43C6-A7D5-99EA9B6B6283} = {2DBE0D14-3EE9-40D8-B772-8B6C522275F5}
		{1500AF61-8793-4E00-B095-56F7F32E34AD} = {C5549F81-8427-49EE-B6E9-6B72DE6DC978}
		{0ABEF403-CA5B-447B-90C5-767B990B1F66} = {DB6D2A18-5F3D-407A-9177-85E13EE1A60D}
		{3DF6B2D1-284A-4341-A148-AA397327B254} = {C5549F81-8427-49EE-B6E9-6B72DE6DC978}
		{C72D01D7-7F92-4BE5-90DA-A58758A79486} = {C5549F81-8427-49EE-B6E9-6B72DE6DC978}
		{F121A90C-8A6F-41EA-AD54-B34005E4A5E1} = {2DBE0D14-3EE9-40D8-B772-8B6C522275F5}
		{DC368610-4A67-4029-BFD3-F12AFC127DC7} = {C5549F81-8427-49EE-B6E9-6B72DE6DC978}
	EndGlobalSection
	GlobalSection(ExtensibilityGlobals) = postSolution
		SolutionGuid = {977A787A-B46B-4832-8363-46C0A1A91F3F}
	EndGlobalSection
EndGlobal
