
Microsoft Visual Studio Solution File, Format Version 12.00
# Visual Studio Version 16
VisualStudioVersion = 16.0.28714.193
MinimumVisualStudioVersion = 10.0.40219.1
Project("{2150E333-8FDC-42A3-9474-1A3956D46DE8}") = "Plugins", "Plugins", "{C5549F81-8427-49EE-B6E9-6B72DE6DC978}"
EndProject
Project("{9A19103F-16F7-4668-BE54-9A1E7A4F7556}") = "BuildNotifications.PluginInterfaces", "Plugins\BuildNotifications.PluginInterfaces\BuildNotifications.PluginInterfaces.csproj", "{288FAFAA-2D90-48B1-A0A9-1F4EC020CB25}"
EndProject
Project("{2150E333-8FDC-42A3-9474-1A3956D46DE8}") = "Tests", "Tests", "{2DBE0D14-3EE9-40D8-B772-8B6C522275F5}"
EndProject
Project("{9A19103F-16F7-4668-BE54-9A1E7A4F7556}") = "BuildNotifications.Tests", "BuildNotifications.Tests\BuildNotifications.Tests.csproj", "{159DA6C4-A2E7-4879-B013-583EB5C5A518}"
EndProject
Project("{9A19103F-16F7-4668-BE54-9A1E7A4F7556}") = "BuildNotifications.Core.Tests", "BuildNotifications.Core.Tests\BuildNotifications.Core.Tests.csproj", "{A6A0CAED-0C8C-43C6-A7D5-99EA9B6B6283}"
EndProject
Project("{9A19103F-16F7-4668-BE54-9A1E7A4F7556}") = "BuildNotifications.Core", "BuildNotifications.Core\BuildNotifications.Core.csproj", "{024427AF-06DC-49DA-AB83-72BF131A5C3B}"
EndProject
Project("{9A19103F-16F7-4668-BE54-9A1E7A4F7556}") = "BuildNotifications", "BuildNotifications\BuildNotifications.csproj", "{492AA2C0-9317-443A-856E-818829B05147}"
EndProject
Project("{FAE04EC0-301F-11D3-BF4B-00C04F79EFBC}") = "DummyFrontEnd", "DummyFrontEnd\DummyFrontEnd.csproj", "{4F4F5BE1-455C-45C0-9319-0E3442912E5B}"
	ProjectSection(ProjectDependencies) = postProject
		{1500AF61-8793-4E00-B095-56F7F32E34AD} = {1500AF61-8793-4E00-B095-56F7F32E34AD}
	EndProjectSection
EndProject
Project("{FAE04EC0-301F-11D3-BF4B-00C04F79EFBC}") = "BuildNotifications.Plugin.Tfs", "Plugins\BuildNotifications.Plugin.Tfs\BuildNotifications.Plugin.Tfs.csproj", "{1500AF61-8793-4E00-B095-56F7F32E34AD}"
EndProject
Global
	GlobalSection(SolutionConfigurationPlatforms) = preSolution
		Debug|Any CPU = Debug|Any CPU
		Release|Any CPU = Release|Any CPU
	EndGlobalSection
	GlobalSection(ProjectConfigurationPlatforms) = postSolution
		{288FAFAA-2D90-48B1-A0A9-1F4EC020CB25}.Debug|Any CPU.ActiveCfg = Debug|Any CPU
		{288FAFAA-2D90-48B1-A0A9-1F4EC020CB25}.Debug|Any CPU.Build.0 = Debug|Any CPU
		{288FAFAA-2D90-48B1-A0A9-1F4EC020CB25}.Release|Any CPU.ActiveCfg = Release|Any CPU
		{288FAFAA-2D90-48B1-A0A9-1F4EC020CB25}.Release|Any CPU.Build.0 = Release|Any CPU
		{159DA6C4-A2E7-4879-B013-583EB5C5A518}.Debug|Any CPU.ActiveCfg = Debug|Any CPU
		{159DA6C4-A2E7-4879-B013-583EB5C5A518}.Debug|Any CPU.Build.0 = Debug|Any CPU
		{159DA6C4-A2E7-4879-B013-583EB5C5A518}.Release|Any CPU.ActiveCfg = Release|Any CPU
		{159DA6C4-A2E7-4879-B013-583EB5C5A518}.Release|Any CPU.Build.0 = Release|Any CPU
		{A6A0CAED-0C8C-43C6-A7D5-99EA9B6B6283}.Debug|Any CPU.ActiveCfg = Debug|Any CPU
		{A6A0CAED-0C8C-43C6-A7D5-99EA9B6B6283}.Debug|Any CPU.Build.0 = Debug|Any CPU
		{A6A0CAED-0C8C-43C6-A7D5-99EA9B6B6283}.Release|Any CPU.ActiveCfg = Release|Any CPU
		{A6A0CAED-0C8C-43C6-A7D5-99EA9B6B6283}.Release|Any CPU.Build.0 = Release|Any CPU
		{024427AF-06DC-49DA-AB83-72BF131A5C3B}.Debug|Any CPU.ActiveCfg = Debug|Any CPU
		{024427AF-06DC-49DA-AB83-72BF131A5C3B}.Debug|Any CPU.Build.0 = Debug|Any CPU
		{024427AF-06DC-49DA-AB83-72BF131A5C3B}.Release|Any CPU.ActiveCfg = Release|Any CPU
		{024427AF-06DC-49DA-AB83-72BF131A5C3B}.Release|Any CPU.Build.0 = Release|Any CPU
		{492AA2C0-9317-443A-856E-818829B05147}.Debug|Any CPU.ActiveCfg = Debug|Any CPU
		{492AA2C0-9317-443A-856E-818829B05147}.Debug|Any CPU.Build.0 = Debug|Any CPU
		{492AA2C0-9317-443A-856E-818829B05147}.Release|Any CPU.ActiveCfg = Release|Any CPU
		{492AA2C0-9317-443A-856E-818829B05147}.Release|Any CPU.Build.0 = Release|Any CPU
		{4F4F5BE1-455C-45C0-9319-0E3442912E5B}.Debug|Any CPU.ActiveCfg = Debug|Any CPU
		{4F4F5BE1-455C-45C0-9319-0E3442912E5B}.Debug|Any CPU.Build.0 = Debug|Any CPU
		{4F4F5BE1-455C-45C0-9319-0E3442912E5B}.Release|Any CPU.ActiveCfg = Release|Any CPU
		{4F4F5BE1-455C-45C0-9319-0E3442912E5B}.Release|Any CPU.Build.0 = Release|Any CPU
		{1500AF61-8793-4E00-B095-56F7F32E34AD}.Debug|Any CPU.ActiveCfg = Debug|Any CPU
		{1500AF61-8793-4E00-B095-56F7F32E34AD}.Debug|Any CPU.Build.0 = Debug|Any CPU
		{1500AF61-8793-4E00-B095-56F7F32E34AD}.Release|Any CPU.ActiveCfg = Release|Any CPU
		{1500AF61-8793-4E00-B095-56F7F32E34AD}.Release|Any CPU.Build.0 = Release|Any CPU
	EndGlobalSection
	GlobalSection(SolutionProperties) = preSolution
		HideSolutionNode = FALSE
	EndGlobalSection
	GlobalSection(NestedProjects) = preSolution
		{288FAFAA-2D90-48B1-A0A9-1F4EC020CB25} = {C5549F81-8427-49EE-B6E9-6B72DE6DC978}
		{159DA6C4-A2E7-4879-B013-583EB5C5A518} = {2DBE0D14-3EE9-40D8-B772-8B6C522275F5}
		{A6A0CAED-0C8C-43C6-A7D5-99EA9B6B6283} = {2DBE0D14-3EE9-40D8-B772-8B6C522275F5}
		{1500AF61-8793-4E00-B095-56F7F32E34AD} = {C5549F81-8427-49EE-B6E9-6B72DE6DC978}
	EndGlobalSection
	GlobalSection(ExtensibilityGlobals) = postSolution
		SolutionGuid = {977A787A-B46B-4832-8363-46C0A1A91F3F}
	EndGlobalSection
EndGlobal
